// !$*UTF8*$!
{
	archiveVersion = 1;
	classes = {
	};
	objectVersion = 56;
	objects = {

/* Begin PBXBuildFile section */
		DE9480922B311CCB004D9AE5 /* DrawDemoApp.swift in Sources */ = {isa = PBXBuildFile; fileRef = DE9480912B311CCB004D9AE5 /* DrawDemoApp.swift */; };
		DE9480942B311CCB004D9AE5 /* ContentView.swift in Sources */ = {isa = PBXBuildFile; fileRef = DE9480932B311CCB004D9AE5 /* ContentView.swift */; };
		DE9480962B311CCC004D9AE5 /* Assets.xcassets in Resources */ = {isa = PBXBuildFile; fileRef = DE9480952B311CCC004D9AE5 /* Assets.xcassets */; };
		DE9480992B311CCC004D9AE5 /* Preview Assets.xcassets in Resources */ = {isa = PBXBuildFile; fileRef = DE9480982B311CCC004D9AE5 /* Preview Assets.xcassets */; };
		DE9480A02B316BE1004D9AE5 /* ExCruveView.swift in Sources */ = {isa = PBXBuildFile; fileRef = DE94809F2B316BE1004D9AE5 /* ExCruveView.swift */; };
		DE9480A22B316E07004D9AE5 /* ExPieChartView.swift in Sources */ = {isa = PBXBuildFile; fileRef = DE9480A12B316E07004D9AE5 /* ExPieChartView.swift */; };
		DE9480A42B317429004D9AE5 /* AniContentView.swift in Sources */ = {isa = PBXBuildFile; fileRef = DE9480A32B317429004D9AE5 /* AniContentView.swift */; };
		DE9480AC2B326BA1004D9AE5 /* AniNavigationMenuView.swift in Sources */ = {isa = PBXBuildFile; fileRef = DE9480AB2B326BA1004D9AE5 /* AniNavigationMenuView.swift */; };
		DE9480AE2B3277B2004D9AE5 /* AniGradientView.swift in Sources */ = {isa = PBXBuildFile; fileRef = DE9480AD2B3277B2004D9AE5 /* AniGradientView.swift */; };
		DE9480B02B328C93004D9AE5 /* PhaseAnimatorView.swift in Sources */ = {isa = PBXBuildFile; fileRef = DE9480AF2B328C93004D9AE5 /* PhaseAnimatorView.swift */; };
		DE9480B22B32AFEC004D9AE5 /* KeyframeAnimatorView.swift in Sources */ = {isa = PBXBuildFile; fileRef = DE9480B12B32AFEC004D9AE5 /* KeyframeAnimatorView.swift */; };
/* End PBXBuildFile section */

/* Begin PBXFileReference section */
		DE94808E2B311CCB004D9AE5 /* DrawDemo.app */ = {isa = PBXFileReference; explicitFileType = wrapper.application; includeInIndex = 0; path = DrawDemo.app; sourceTree = BUILT_PRODUCTS_DIR; };
		DE9480912B311CCB004D9AE5 /* DrawDemoApp.swift */ = {isa = PBXFileReference; lastKnownFileType = sourcecode.swift; path = DrawDemoApp.swift; sourceTree = "<group>"; };
		DE9480932B311CCB004D9AE5 /* ContentView.swift */ = {isa = PBXFileReference; lastKnownFileType = sourcecode.swift; path = ContentView.swift; sourceTree = "<group>"; };
		DE9480952B311CCC004D9AE5 /* Assets.xcassets */ = {isa = PBXFileReference; lastKnownFileType = folder.assetcatalog; path = Assets.xcassets; sourceTree = "<group>"; };
		DE9480982B311CCC004D9AE5 /* Preview Assets.xcassets */ = {isa = PBXFileReference; lastKnownFileType = folder.assetcatalog; path = "Preview Assets.xcassets"; sourceTree = "<group>"; };
		DE94809F2B316BE1004D9AE5 /* ExCruveView.swift */ = {isa = PBXFileReference; lastKnownFileType = sourcecode.swift; path = ExCruveView.swift; sourceTree = "<group>"; };
		DE9480A12B316E07004D9AE5 /* ExPieChartView.swift */ = {isa = PBXFileReference; lastKnownFileType = sourcecode.swift; path = ExPieChartView.swift; sourceTree = "<group>"; };
		DE9480A32B317429004D9AE5 /* AniContentView.swift */ = {isa = PBXFileReference; lastKnownFileType = sourcecode.swift; path = AniContentView.swift; sourceTree = "<group>"; };
		DE9480AB2B326BA1004D9AE5 /* AniNavigationMenuView.swift */ = {isa = PBXFileReference; lastKnownFileType = sourcecode.swift; path = AniNavigationMenuView.swift; sourceTree = "<group>"; };
		DE9480AD2B3277B2004D9AE5 /* AniGradientView.swift */ = {isa = PBXFileReference; lastKnownFileType = sourcecode.swift; path = AniGradientView.swift; sourceTree = "<group>"; };
		DE9480AF2B328C93004D9AE5 /* PhaseAnimatorView.swift */ = {isa = PBXFileReference; lastKnownFileType = sourcecode.swift; path = PhaseAnimatorView.swift; sourceTree = "<group>"; };
		DE9480B12B32AFEC004D9AE5 /* KeyframeAnimatorView.swift */ = {isa = PBXFileReference; lastKnownFileType = sourcecode.swift; path = KeyframeAnimatorView.swift; sourceTree = "<group>"; };
/* End PBXFileReference section */

/* Begin PBXFrameworksBuildPhase section */
		DE94808B2B311CCB004D9AE5 /* Frameworks */ = {
			isa = PBXFrameworksBuildPhase;
			buildActionMask = 2147483647;
			files = (
			);
			runOnlyForDeploymentPostprocessing = 0;
		};
/* End PBXFrameworksBuildPhase section */

/* Begin PBXGroup section */
		DE9480852B311CCB004D9AE5 = {
			isa = PBXGroup;
			children = (
				DE9480902B311CCB004D9AE5 /* DrawDemo */,
				DE94808F2B311CCB004D9AE5 /* Products */,
			);
			sourceTree = "<group>";
		};
		DE94808F2B311CCB004D9AE5 /* Products */ = {
			isa = PBXGroup;
			children = (
				DE94808E2B311CCB004D9AE5 /* DrawDemo.app */,
			);
			name = Products;
			sourceTree = "<group>";
		};
		DE9480902B311CCB004D9AE5 /* DrawDemo */ = {
			isa = PBXGroup;
			children = (
				DE9480912B311CCB004D9AE5 /* DrawDemoApp.swift */,
				DE9480932B311CCB004D9AE5 /* ContentView.swift */,
				DE9480A32B317429004D9AE5 /* AniContentView.swift */,
				DE9480AD2B3277B2004D9AE5 /* AniGradientView.swift */,
				DE9480AB2B326BA1004D9AE5 /* AniNavigationMenuView.swift */,
				DE9480AF2B328C93004D9AE5 /* PhaseAnimatorView.swift */,
				DE9480B12B32AFEC004D9AE5 /* KeyframeAnimatorView.swift */,
				DE94809F2B316BE1004D9AE5 /* ExCruveView.swift */,
				DE9480A12B316E07004D9AE5 /* ExPieChartView.swift */,
				DE9480952B311CCC004D9AE5 /* Assets.xcassets */,
				DE9480972B311CCC004D9AE5 /* Preview Content */,
			);
			path = DrawDemo;
			sourceTree = "<group>";
		};
		DE9480972B311CCC004D9AE5 /* Preview Content */ = {
			isa = PBXGroup;
			children = (
				DE9480982B311CCC004D9AE5 /* Preview Assets.xcassets */,
			);
			path = "Preview Content";
			sourceTree = "<group>";
		};
/* End PBXGroup section */

/* Begin PBXNativeTarget section */
		DE94808D2B311CCB004D9AE5 /* DrawDemo */ = {
			isa = PBXNativeTarget;
			buildConfigurationList = DE94809C2B311CCC004D9AE5 /* Build configuration list for PBXNativeTarget "DrawDemo" */;
			buildPhases = (
				DE94808A2B311CCB004D9AE5 /* Sources */,
				DE94808B2B311CCB004D9AE5 /* Frameworks */,
				DE94808C2B311CCB004D9AE5 /* Resources */,
			);
			buildRules = (
			);
			dependencies = (
			);
			name = DrawDemo;
			productName = DrawDemo;
			productReference = DE94808E2B311CCB004D9AE5 /* DrawDemo.app */;
			productType = "com.apple.product-type.application";
		};
/* End PBXNativeTarget section */

/* Begin PBXProject section */
		DE9480862B311CCB004D9AE5 /* Project object */ = {
			isa = PBXProject;
			attributes = {
				BuildIndependentTargetsInParallel = 1;
				LastSwiftUpdateCheck = 1510;
				LastUpgradeCheck = 1510;
				TargetAttributes = {
					DE94808D2B311CCB004D9AE5 = {
						CreatedOnToolsVersion = 15.1;
					};
				};
			};
			buildConfigurationList = DE9480892B311CCB004D9AE5 /* Build configuration list for PBXProject "DrawDemo" */;
			compatibilityVersion = "Xcode 14.0";
			developmentRegion = en;
			hasScannedForEncodings = 0;
			knownRegions = (
				en,
				Base,
			);
			mainGroup = DE9480852B311CCB004D9AE5;
			productRefGroup = DE94808F2B311CCB004D9AE5 /* Products */;
			projectDirPath = "";
			projectRoot = "";
			targets = (
				DE94808D2B311CCB004D9AE5 /* DrawDemo */,
			);
		};
/* End PBXProject section */

/* Begin PBXResourcesBuildPhase section */
		DE94808C2B311CCB004D9AE5 /* Resources */ = {
			isa = PBXResourcesBuildPhase;
			buildActionMask = 2147483647;
			files = (
				DE9480992B311CCC004D9AE5 /* Preview Assets.xcassets in Resources */,
				DE9480962B311CCC004D9AE5 /* Assets.xcassets in Resources */,
			);
			runOnlyForDeploymentPostprocessing = 0;
		};
/* End PBXResourcesBuildPhase section */

/* Begin PBXSourcesBuildPhase section */
		DE94808A2B311CCB004D9AE5 /* Sources */ = {
			isa = PBXSourcesBuildPhase;
			buildActionMask = 2147483647;
			files = (
				DE9480AE2B3277B2004D9AE5 /* AniGradientView.swift in Sources */,
				DE9480B02B328C93004D9AE5 /* PhaseAnimatorView.swift in Sources */,
				DE9480942B311CCB004D9AE5 /* ContentView.swift in Sources */,
				DE9480A02B316BE1004D9AE5 /* ExCruveView.swift in Sources */,
				DE9480922B311CCB004D9AE5 /* DrawDemoApp.swift in Sources */,
				DE9480A42B317429004D9AE5 /* AniContentView.swift in Sources */,
				DE9480AC2B326BA1004D9AE5 /* AniNavigationMenuView.swift in Sources */,
				DE9480B22B32AFEC004D9AE5 /* KeyframeAnimatorView.swift in Sources */,
				DE9480A22B316E07004D9AE5 /* ExPieChartView.swift in Sources */,
			);
			runOnlyForDeploymentPostprocessing = 0;
		};
/* End PBXSourcesBuildPhase section */

/* Begin XCBuildConfiguration section */
		DE94809A2B311CCC004D9AE5 /* Debug */ = {
			isa = XCBuildConfiguration;
			buildSettings = {
				ALWAYS_SEARCH_USER_PATHS = NO;
				ASSETCATALOG_COMPILER_GENERATE_SWIFT_ASSET_SYMBOL_EXTENSIONS = YES;
				CLANG_ANALYZER_NONNULL = YES;
				CLANG_ANALYZER_NUMBER_OBJECT_CONVERSION = YES_AGGRESSIVE;
				CLANG_CXX_LANGUAGE_STANDARD = "gnu++20";
				CLANG_ENABLE_MODULES = YES;
				CLANG_ENABLE_OBJC_ARC = YES;
				CLANG_ENABLE_OBJC_WEAK = YES;
				CLANG_WARN_BLOCK_CAPTURE_AUTORELEASING = YES;
				CLANG_WARN_BOOL_CONVERSION = YES;
				CLANG_WARN_COMMA = YES;
				CLANG_WARN_CONSTANT_CONVERSION = YES;
				CLANG_WARN_DEPRECATED_OBJC_IMPLEMENTATIONS = YES;
				CLANG_WARN_DIRECT_OBJC_ISA_USAGE = YES_ERROR;
				CLANG_WARN_DOCUMENTATION_COMMENTS = YES;
				CLANG_WARN_EMPTY_BODY = YES;
				CLANG_WARN_ENUM_CONVERSION = YES;
				CLANG_WARN_INFINITE_RECURSION = YES;
				CLANG_WARN_INT_CONVERSION = YES;
				CLANG_WARN_NON_LITERAL_NULL_CONVERSION = YES;
				CLANG_WARN_OBJC_IMPLICIT_RETAIN_SELF = YES;
				CLANG_WARN_OBJC_LITERAL_CONVERSION = YES;
				CLANG_WARN_OBJC_ROOT_CLASS = YES_ERROR;
				CLANG_WARN_QUOTED_INCLUDE_IN_FRAMEWORK_HEADER = YES;
				CLANG_WARN_RANGE_LOOP_ANALYSIS = YES;
				CLANG_WARN_STRICT_PROTOTYPES = YES;
				CLANG_WARN_SUSPICIOUS_MOVE = YES;
				CLANG_WARN_UNGUARDED_AVAILABILITY = YES_AGGRESSIVE;
				CLANG_WARN_UNREACHABLE_CODE = YES;
				CLANG_WARN__DUPLICATE_METHOD_MATCH = YES;
				COPY_PHASE_STRIP = NO;
				DEBUG_INFORMATION_FORMAT = dwarf;
				ENABLE_STRICT_OBJC_MSGSEND = YES;
				ENABLE_TESTABILITY = YES;
				ENABLE_USER_SCRIPT_SANDBOXING = YES;
				GCC_C_LANGUAGE_STANDARD = gnu17;
				GCC_DYNAMIC_NO_PIC = NO;
				GCC_NO_COMMON_BLOCKS = YES;
				GCC_OPTIMIZATION_LEVEL = 0;
				GCC_PREPROCESSOR_DEFINITIONS = (
					"DEBUG=1",
					"$(inherited)",
				);
				GCC_WARN_64_TO_32_BIT_CONVERSION = YES;
				GCC_WARN_ABOUT_RETURN_TYPE = YES_ERROR;
				GCC_WARN_UNDECLARED_SELECTOR = YES;
				GCC_WARN_UNINITIALIZED_AUTOS = YES_AGGRESSIVE;
				GCC_WARN_UNUSED_FUNCTION = YES;
				GCC_WARN_UNUSED_VARIABLE = YES;
				IPHONEOS_DEPLOYMENT_TARGET = 17.2;
				LOCALIZATION_PREFERS_STRING_CATALOGS = YES;
				MTL_ENABLE_DEBUG_INFO = INCLUDE_SOURCE;
				MTL_FAST_MATH = YES;
				ONLY_ACTIVE_ARCH = YES;
				SDKROOT = iphoneos;
				SWIFT_ACTIVE_COMPILATION_CONDITIONS = "DEBUG $(inherited)";
				SWIFT_OPTIMIZATION_LEVEL = "-Onone";
			};
			name = Debug;
		};
		DE94809B2B311CCC004D9AE5 /* Release */ = {
			isa = XCBuildConfiguration;
			buildSettings = {
				ALWAYS_SEARCH_USER_PATHS = NO;
				ASSETCATALOG_COMPILER_GENERATE_SWIFT_ASSET_SYMBOL_EXTENSIONS = YES;
				CLANG_ANALYZER_NONNULL = YES;
				CLANG_ANALYZER_NUMBER_OBJECT_CONVERSION = YES_AGGRESSIVE;
				CLANG_CXX_LANGUAGE_STANDARD = "gnu++20";
				CLANG_ENABLE_MODULES = YES;
				CLANG_ENABLE_OBJC_ARC = YES;
				CLANG_ENABLE_OBJC_WEAK = YES;
				CLANG_WARN_BLOCK_CAPTURE_AUTORELEASING = YES;
				CLANG_WARN_BOOL_CONVERSION = YES;
				CLANG_WARN_COMMA = YES;
				CLANG_WARN_CONSTANT_CONVERSION = YES;
				CLANG_WARN_DEPRECATED_OBJC_IMPLEMENTATIONS = YES;
				CLANG_WARN_DIRECT_OBJC_ISA_USAGE = YES_ERROR;
				CLANG_WARN_DOCUMENTATION_COMMENTS = YES;
				CLANG_WARN_EMPTY_BODY = YES;
				CLANG_WARN_ENUM_CONVERSION = YES;
				CLANG_WARN_INFINITE_RECURSION = YES;
				CLANG_WARN_INT_CONVERSION = YES;
				CLANG_WARN_NON_LITERAL_NULL_CONVERSION = YES;
				CLANG_WARN_OBJC_IMPLICIT_RETAIN_SELF = YES;
				CLANG_WARN_OBJC_LITERAL_CONVERSION = YES;
				CLANG_WARN_OBJC_ROOT_CLASS = YES_ERROR;
				CLANG_WARN_QUOTED_INCLUDE_IN_FRAMEWORK_HEADER = YES;
				CLANG_WARN_RANGE_LOOP_ANALYSIS = YES;
				CLANG_WARN_STRICT_PROTOTYPES = YES;
				CLANG_WARN_SUSPICIOUS_MOVE = YES;
				CLANG_WARN_UNGUARDED_AVAILABILITY = YES_AGGRESSIVE;
				CLANG_WARN_UNREACHABLE_CODE = YES;
				CLANG_WARN__DUPLICATE_METHOD_MATCH = YES;
				COPY_PHASE_STRIP = NO;
				DEBUG_INFORMATION_FORMAT = "dwarf-with-dsym";
				ENABLE_NS_ASSERTIONS = NO;
				ENABLE_STRICT_OBJC_MSGSEND = YES;
				ENABLE_USER_SCRIPT_SANDBOXING = YES;
				GCC_C_LANGUAGE_STANDARD = gnu17;
				GCC_NO_COMMON_BLOCKS = YES;
				GCC_WARN_64_TO_32_BIT_CONVERSION = YES;
				GCC_WARN_ABOUT_RETURN_TYPE = YES_ERROR;
				GCC_WARN_UNDECLARED_SELECTOR = YES;
				GCC_WARN_UNINITIALIZED_AUTOS = YES_AGGRESSIVE;
				GCC_WARN_UNUSED_FUNCTION = YES;
				GCC_WARN_UNUSED_VARIABLE = YES;
				IPHONEOS_DEPLOYMENT_TARGET = 17.2;
				LOCALIZATION_PREFERS_STRING_CATALOGS = YES;
				MTL_ENABLE_DEBUG_INFO = NO;
				MTL_FAST_MATH = YES;
				SDKROOT = iphoneos;
				SWIFT_COMPILATION_MODE = wholemodule;
				VALIDATE_PRODUCT = YES;
			};
			name = Release;
		};
		DE94809D2B311CCC004D9AE5 /* Debug */ = {
			isa = XCBuildConfiguration;
			buildSettings = {
				ASSETCATALOG_COMPILER_APPICON_NAME = AppIcon;
				ASSETCATALOG_COMPILER_GLOBAL_ACCENT_COLOR_NAME = AccentColor;
				CODE_SIGN_STYLE = Automatic;
				CURRENT_PROJECT_VERSION = 1;
				DEVELOPMENT_ASSET_PATHS = "\"DrawDemo/Preview Content\"";
				DEVELOPMENT_TEAM = 654S523AG2;
				ENABLE_PREVIEWS = YES;
				GENERATE_INFOPLIST_FILE = YES;
				INFOPLIST_KEY_UIApplicationSceneManifest_Generation = YES;
				INFOPLIST_KEY_UIApplicationSupportsIndirectInputEvents = YES;
				INFOPLIST_KEY_UILaunchScreen_Generation = YES;
				INFOPLIST_KEY_UISupportedInterfaceOrientations_iPad = "UIInterfaceOrientationPortrait UIInterfaceOrientationPortraitUpsideDown UIInterfaceOrientationLandscapeLeft UIInterfaceOrientationLandscapeRight";
				INFOPLIST_KEY_UISupportedInterfaceOrientations_iPhone = "UIInterfaceOrientationPortrait UIInterfaceOrientationLandscapeLeft UIInterfaceOrientationLandscapeRight";
				LD_RUNPATH_SEARCH_PATHS = (
					"$(inherited)",
					"@executable_path/Frameworks",
				);
				MARKETING_VERSION = 1.0;
				PRODUCT_BUNDLE_IDENTIFIER = com.oz.DrawDemo;
				PRODUCT_NAME = "$(TARGET_NAME)";
				SWIFT_EMIT_LOC_STRINGS = YES;
				SWIFT_VERSION = 5.0;
				TARGETED_DEVICE_FAMILY = "1,2";
			};
			name = Debug;
		};
		DE94809E2B311CCC004D9AE5 /* Release */ = {
			isa = XCBuildConfiguration;
			buildSettings = {
				ASSETCATALOG_COMPILER_APPICON_NAME = AppIcon;
				ASSETCATALOG_COMPILER_GLOBAL_ACCENT_COLOR_NAME = AccentColor;
				CODE_SIGN_STYLE = Automatic;
				CURRENT_PROJECT_VERSION = 1;
				DEVELOPMENT_ASSET_PATHS = "\"DrawDemo/Preview Content\"";
				DEVELOPMENT_TEAM = 654S523AG2;
				ENABLE_PREVIEWS = YES;
				GENERATE_INFOPLIST_FILE = YES;
				INFOPLIST_KEY_UIApplicationSceneManifest_Generation = YES;
				INFOPLIST_KEY_UIApplicationSupportsIndirectInputEvents = YES;
				INFOPLIST_KEY_UILaunchScreen_Generation = YES;
				INFOPLIST_KEY_UISupportedInterfaceOrientations_iPad = "UIInterfaceOrientationPortrait UIInterfaceOrientationPortraitUpsideDown UIInterfaceOrientationLandscapeLeft UIInterfaceOrientationLandscapeRight";
				INFOPLIST_KEY_UISupportedInterfaceOrientations_iPhone = "UIInterfaceOrientationPortrait UIInterfaceOrientationLandscapeLeft UIInterfaceOrientationLandscapeRight";
				LD_RUNPATH_SEARCH_PATHS = (
					"$(inherited)",
					"@executable_path/Frameworks",
				);
				MARKETING_VERSION = 1.0;
				PRODUCT_BUNDLE_IDENTIFIER = com.oz.DrawDemo;
				PRODUCT_NAME = "$(TARGET_NAME)";
				SWIFT_EMIT_LOC_STRINGS = YES;
				SWIFT_VERSION = 5.0;
				TARGETED_DEVICE_FAMILY = "1,2";
			};
			name = Release;
		};
/* End XCBuildConfiguration section */

/* Begin XCConfigurationList section */
		DE9480892B311CCB004D9AE5 /* Build configuration list for PBXProject "DrawDemo" */ = {
			isa = XCConfigurationList;
			buildConfigurations = (
				DE94809A2B311CCC004D9AE5 /* Debug */,
				DE94809B2B311CCC004D9AE5 /* Release */,
			);
			defaultConfigurationIsVisible = 0;
			defaultConfigurationName = Release;
		};
		DE94809C2B311CCC004D9AE5 /* Build configuration list for PBXNativeTarget "DrawDemo" */ = {
			isa = XCConfigurationList;
			buildConfigurations = (
				DE94809D2B311CCC004D9AE5 /* Debug */,
				DE94809E2B311CCC004D9AE5 /* Release */,
			);
			defaultConfigurationIsVisible = 0;
			defaultConfigurationName = Release;
		};
/* End XCConfigurationList section */
	};
	rootObject = DE9480862B311CCB004D9AE5 /* Project object */;
}
