// !$*UTF8*$!
{
	archiveVersion = 1;
	classes = {
	};
	objectVersion = 56;
	objects = {

/* Begin PBXBuildFile section */
		DE51DD382B56586000EB1D14 /* NaverMapDemoApp.swift in Sources */ = {isa = PBXBuildFile; fileRef = DE51DD372B56586000EB1D14 /* NaverMapDemoApp.swift */; };
		DE51DD3A2B56586000EB1D14 /* ContentView.swift in Sources */ = {isa = PBXBuildFile; fileRef = DE51DD392B56586000EB1D14 /* ContentView.swift */; };
		DE51DD3C2B56586300EB1D14 /* Assets.xcassets in Resources */ = {isa = PBXBuildFile; fileRef = DE51DD3B2B56586300EB1D14 /* Assets.xcassets */; };
		DE51DD3F2B56586300EB1D14 /* Preview Assets.xcassets in Resources */ = {isa = PBXBuildFile; fileRef = DE51DD3E2B56586300EB1D14 /* Preview Assets.xcassets */; };
		DE51DD462B5659AF00EB1D14 /* ApiKeys.plist in Resources */ = {isa = PBXBuildFile; fileRef = DE51DD452B5659AF00EB1D14 /* ApiKeys.plist */; };
		DE51DD482B565A4300EB1D14 /* ApiKeys.swift in Sources */ = {isa = PBXBuildFile; fileRef = DE51DD472B565A4300EB1D14 /* ApiKeys.swift */; };
		DE51DD4A2B57B71A00EB1D14 /* LocationManager.swift in Sources */ = {isa = PBXBuildFile; fileRef = DE51DD492B57B71A00EB1D14 /* LocationManager.swift */; };
		DE51DD4C2B58E86500EB1D14 /* NaverMap.swift in Sources */ = {isa = PBXBuildFile; fileRef = DE51DD4B2B58E86500EB1D14 /* NaverMap.swift */; };
		DE51DD4E2B58E8DE00EB1D14 /* MyCoord.swift in Sources */ = {isa = PBXBuildFile; fileRef = DE51DD4D2B58E8DE00EB1D14 /* MyCoord.swift */; };
		FBDE46DDD9DC5567FD1A0017 /* Pods_NaverMapDemo.framework in Frameworks */ = {isa = PBXBuildFile; fileRef = 5CC6D385E3A48F96A7CE7CD0 /* Pods_NaverMapDemo.framework */; };
/* End PBXBuildFile section */

/* Begin PBXFileReference section */
		5CC6D385E3A48F96A7CE7CD0 /* Pods_NaverMapDemo.framework */ = {isa = PBXFileReference; explicitFileType = wrapper.framework; includeInIndex = 0; path = Pods_NaverMapDemo.framework; sourceTree = BUILT_PRODUCTS_DIR; };
		99FB4C015B20FC2AA5D2D606 /* Pods-NaverMapDemo.debug.xcconfig */ = {isa = PBXFileReference; includeInIndex = 1; lastKnownFileType = text.xcconfig; name = "Pods-NaverMapDemo.debug.xcconfig"; path = "Target Support Files/Pods-NaverMapDemo/Pods-NaverMapDemo.debug.xcconfig"; sourceTree = "<group>"; };
		DE0215672B67390D00EB41BA /* Info.plist */ = {isa = PBXFileReference; lastKnownFileType = text.plist; path = Info.plist; sourceTree = "<group>"; };
		DE51DD342B56586000EB1D14 /* NaverMapDemo.app */ = {isa = PBXFileReference; explicitFileType = wrapper.application; includeInIndex = 0; path = NaverMapDemo.app; sourceTree = BUILT_PRODUCTS_DIR; };
		DE51DD372B56586000EB1D14 /* NaverMapDemoApp.swift */ = {isa = PBXFileReference; lastKnownFileType = sourcecode.swift; path = NaverMapDemoApp.swift; sourceTree = "<group>"; };
		DE51DD392B56586000EB1D14 /* ContentView.swift */ = {isa = PBXFileReference; lastKnownFileType = sourcecode.swift; path = ContentView.swift; sourceTree = "<group>"; };
		DE51DD3B2B56586300EB1D14 /* Assets.xcassets */ = {isa = PBXFileReference; lastKnownFileType = folder.assetcatalog; path = Assets.xcassets; sourceTree = "<group>"; };
		DE51DD3E2B56586300EB1D14 /* Preview Assets.xcassets */ = {isa = PBXFileReference; lastKnownFileType = folder.assetcatalog; path = "Preview Assets.xcassets"; sourceTree = "<group>"; };
		DE51DD452B5659AF00EB1D14 /* ApiKeys.plist */ = {isa = PBXFileReference; lastKnownFileType = text.plist.xml; path = ApiKeys.plist; sourceTree = "<group>"; };
		DE51DD472B565A4300EB1D14 /* ApiKeys.swift */ = {isa = PBXFileReference; lastKnownFileType = sourcecode.swift; path = ApiKeys.swift; sourceTree = "<group>"; };
		DE51DD492B57B71A00EB1D14 /* LocationManager.swift */ = {isa = PBXFileReference; lastKnownFileType = sourcecode.swift; path = LocationManager.swift; sourceTree = "<group>"; };
		DE51DD4B2B58E86500EB1D14 /* NaverMap.swift */ = {isa = PBXFileReference; lastKnownFileType = sourcecode.swift; path = NaverMap.swift; sourceTree = "<group>"; };
		DE51DD4D2B58E8DE00EB1D14 /* MyCoord.swift */ = {isa = PBXFileReference; lastKnownFileType = sourcecode.swift; path = MyCoord.swift; sourceTree = "<group>"; };
		ED560A3ADD5C9B3F6742B336 /* Pods-NaverMapDemo.release.xcconfig */ = {isa = PBXFileReference; includeInIndex = 1; lastKnownFileType = text.xcconfig; name = "Pods-NaverMapDemo.release.xcconfig"; path = "Target Support Files/Pods-NaverMapDemo/Pods-NaverMapDemo.release.xcconfig"; sourceTree = "<group>"; };
/* End PBXFileReference section */

/* Begin PBXFrameworksBuildPhase section */
		DE51DD312B56586000EB1D14 /* Frameworks */ = {
			isa = PBXFrameworksBuildPhase;
			buildActionMask = 2147483647;
			files = (
				FBDE46DDD9DC5567FD1A0017 /* Pods_NaverMapDemo.framework in Frameworks */,
			);
			runOnlyForDeploymentPostprocessing = 0;
		};
/* End PBXFrameworksBuildPhase section */

/* Begin PBXGroup section */
		12AACE0709B5883DB36E8449 /* Frameworks */ = {
			isa = PBXGroup;
			children = (
				5CC6D385E3A48F96A7CE7CD0 /* Pods_NaverMapDemo.framework */,
			);
			name = Frameworks;
			sourceTree = "<group>";
		};
		D52081B9E31E55AD104AA169 /* Pods */ = {
			isa = PBXGroup;
			children = (
				99FB4C015B20FC2AA5D2D606 /* Pods-NaverMapDemo.debug.xcconfig */,
				ED560A3ADD5C9B3F6742B336 /* Pods-NaverMapDemo.release.xcconfig */,
			);
			path = Pods;
			sourceTree = "<group>";
		};
		DE51DD2B2B56586000EB1D14 = {
			isa = PBXGroup;
			children = (
				DE51DD362B56586000EB1D14 /* NaverMapDemo */,
				DE51DD352B56586000EB1D14 /* Products */,
				D52081B9E31E55AD104AA169 /* Pods */,
				12AACE0709B5883DB36E8449 /* Frameworks */,
			);
			sourceTree = "<group>";
		};
		DE51DD352B56586000EB1D14 /* Products */ = {
			isa = PBXGroup;
			children = (
				DE51DD342B56586000EB1D14 /* NaverMapDemo.app */,
			);
			name = Products;
			sourceTree = "<group>";
		};
		DE51DD362B56586000EB1D14 /* NaverMapDemo */ = {
			isa = PBXGroup;
			children = (
				DE0215672B67390D00EB41BA /* Info.plist */,
				DE51DD372B56586000EB1D14 /* NaverMapDemoApp.swift */,
				DE51DD392B56586000EB1D14 /* ContentView.swift */,
				DE51DD492B57B71A00EB1D14 /* LocationManager.swift */,
				DE51DD4B2B58E86500EB1D14 /* NaverMap.swift */,
				DE51DD4D2B58E8DE00EB1D14 /* MyCoord.swift */,
				DE51DD472B565A4300EB1D14 /* ApiKeys.swift */,
				DE51DD452B5659AF00EB1D14 /* ApiKeys.plist */,
				DE51DD3B2B56586300EB1D14 /* Assets.xcassets */,
				DE51DD3D2B56586300EB1D14 /* Preview Content */,
			);
			path = NaverMapDemo;
			sourceTree = "<group>";
		};
		DE51DD3D2B56586300EB1D14 /* Preview Content */ = {
			isa = PBXGroup;
			children = (
				DE51DD3E2B56586300EB1D14 /* Preview Assets.xcassets */,
			);
			path = "Preview Content";
			sourceTree = "<group>";
		};
/* End PBXGroup section */

/* Begin PBXNativeTarget section */
		DE51DD332B56586000EB1D14 /* NaverMapDemo */ = {
			isa = PBXNativeTarget;
			buildConfigurationList = DE51DD422B56586300EB1D14 /* Build configuration list for PBXNativeTarget "NaverMapDemo" */;
			buildPhases = (
				765DD4274366ADA38AC7413A /* [CP] Check Pods Manifest.lock */,
				DE51DD302B56586000EB1D14 /* Sources */,
				DE51DD312B56586000EB1D14 /* Frameworks */,
				DE51DD322B56586000EB1D14 /* Resources */,
				94B36246E30856F38D8793FA /* [CP] Embed Pods Frameworks */,
			);
			buildRules = (
			);
			dependencies = (
			);
			name = NaverMapDemo;
			productName = NaverMapDemo;
			productReference = DE51DD342B56586000EB1D14 /* NaverMapDemo.app */;
			productType = "com.apple.product-type.application";
		};
/* End PBXNativeTarget section */

/* Begin PBXProject section */
		DE51DD2C2B56586000EB1D14 /* Project object */ = {
			isa = PBXProject;
			attributes = {
				BuildIndependentTargetsInParallel = 1;
				LastSwiftUpdateCheck = 1520;
				LastUpgradeCheck = 1520;
				TargetAttributes = {
					DE51DD332B56586000EB1D14 = {
						CreatedOnToolsVersion = 15.2;
					};
				};
			};
			buildConfigurationList = DE51DD2F2B56586000EB1D14 /* Build configuration list for PBXProject "NaverMapDemo" */;
			compatibilityVersion = "Xcode 14.0";
			developmentRegion = en;
			hasScannedForEncodings = 0;
			knownRegions = (
				en,
				Base,
			);
			mainGroup = DE51DD2B2B56586000EB1D14;
			productRefGroup = DE51DD352B56586000EB1D14 /* Products */;
			projectDirPath = "";
			projectRoot = "";
			targets = (
				DE51DD332B56586000EB1D14 /* NaverMapDemo */,
			);
		};
/* End PBXProject section */

/* Begin PBXResourcesBuildPhase section */
		DE51DD322B56586000EB1D14 /* Resources */ = {
			isa = PBXResourcesBuildPhase;
			buildActionMask = 2147483647;
			files = (
				DE51DD3F2B56586300EB1D14 /* Preview Assets.xcassets in Resources */,
				DE51DD3C2B56586300EB1D14 /* Assets.xcassets in Resources */,
				DE51DD462B5659AF00EB1D14 /* ApiKeys.plist in Resources */,
			);
			runOnlyForDeploymentPostprocessing = 0;
		};
/* End PBXResourcesBuildPhase section */

/* Begin PBXShellScriptBuildPhase section */
		765DD4274366ADA38AC7413A /* [CP] Check Pods Manifest.lock */ = {
			isa = PBXShellScriptBuildPhase;
			buildActionMask = 2147483647;
			files = (
			);
			inputFileListPaths = (
			);
			inputPaths = (
				"${PODS_PODFILE_DIR_PATH}/Podfile.lock",
				"${PODS_ROOT}/Manifest.lock",
			);
			name = "[CP] Check Pods Manifest.lock";
			outputFileListPaths = (
			);
			outputPaths = (
				"$(DERIVED_FILE_DIR)/Pods-NaverMapDemo-checkManifestLockResult.txt",
			);
			runOnlyForDeploymentPostprocessing = 0;
			shellPath = /bin/sh;
			shellScript = "diff \"${PODS_PODFILE_DIR_PATH}/Podfile.lock\" \"${PODS_ROOT}/Manifest.lock\" > /dev/null\nif [ $? != 0 ] ; then\n    # print error to STDERR\n    echo \"error: The sandbox is not in sync with the Podfile.lock. Run 'pod install' or update your CocoaPods installation.\" >&2\n    exit 1\nfi\n# This output is used by Xcode 'outputs' to avoid re-running this script phase.\necho \"SUCCESS\" > \"${SCRIPT_OUTPUT_FILE_0}\"\n";
			showEnvVarsInLog = 0;
		};
		94B36246E30856F38D8793FA /* [CP] Embed Pods Frameworks */ = {
			isa = PBXShellScriptBuildPhase;
			buildActionMask = 2147483647;
			files = (
			);
			inputFileListPaths = (
				"${PODS_ROOT}/Target Support Files/Pods-NaverMapDemo/Pods-NaverMapDemo-frameworks-${CONFIGURATION}-input-files.xcfilelist",
			);
			name = "[CP] Embed Pods Frameworks";
			outputFileListPaths = (
				"${PODS_ROOT}/Target Support Files/Pods-NaverMapDemo/Pods-NaverMapDemo-frameworks-${CONFIGURATION}-output-files.xcfilelist",
			);
			runOnlyForDeploymentPostprocessing = 0;
			shellPath = /bin/sh;
			shellScript = "\"${PODS_ROOT}/Target Support Files/Pods-NaverMapDemo/Pods-NaverMapDemo-frameworks.sh\"\n";
			showEnvVarsInLog = 0;
		};
/* End PBXShellScriptBuildPhase section */

/* Begin PBXSourcesBuildPhase section */
		DE51DD302B56586000EB1D14 /* Sources */ = {
			isa = PBXSourcesBuildPhase;
			buildActionMask = 2147483647;
			files = (
				DE51DD4A2B57B71A00EB1D14 /* LocationManager.swift in Sources */,
				DE51DD4E2B58E8DE00EB1D14 /* MyCoord.swift in Sources */,
				DE51DD4C2B58E86500EB1D14 /* NaverMap.swift in Sources */,
				DE51DD3A2B56586000EB1D14 /* ContentView.swift in Sources */,
				DE51DD382B56586000EB1D14 /* NaverMapDemoApp.swift in Sources */,
				DE51DD482B565A4300EB1D14 /* ApiKeys.swift in Sources */,
			);
			runOnlyForDeploymentPostprocessing = 0;
		};
/* End PBXSourcesBuildPhase section */

/* Begin XCBuildConfiguration section */
		DE51DD402B56586300EB1D14 /* Debug */ = {
			isa = XCBuildConfiguration;
			buildSettings = {
				ALWAYS_SEARCH_USER_PATHS = NO;
				ASSETCATALOG_COMPILER_GENERATE_SWIFT_ASSET_SYMBOL_EXTENSIONS = YES;
				CLANG_ANALYZER_NONNULL = YES;
				CLANG_ANALYZER_NUMBER_OBJECT_CONVERSION = YES_AGGRESSIVE;
				CLANG_CXX_LANGUAGE_STANDARD = "gnu++20";
				CLANG_ENABLE_MODULES = YES;
				CLANG_ENABLE_OBJC_ARC = YES;
				CLANG_ENABLE_OBJC_WEAK = YES;
				CLANG_WARN_BLOCK_CAPTURE_AUTORELEASING = YES;
				CLANG_WARN_BOOL_CONVERSION = YES;
				CLANG_WARN_COMMA = YES;
				CLANG_WARN_CONSTANT_CONVERSION = YES;
				CLANG_WARN_DEPRECATED_OBJC_IMPLEMENTATIONS = YES;
				CLANG_WARN_DIRECT_OBJC_ISA_USAGE = YES_ERROR;
				CLANG_WARN_DOCUMENTATION_COMMENTS = YES;
				CLANG_WARN_EMPTY_BODY = YES;
				CLANG_WARN_ENUM_CONVERSION = YES;
				CLANG_WARN_INFINITE_RECURSION = YES;
				CLANG_WARN_INT_CONVERSION = YES;
				CLANG_WARN_NON_LITERAL_NULL_CONVERSION = YES;
				CLANG_WARN_OBJC_IMPLICIT_RETAIN_SELF = YES;
				CLANG_WARN_OBJC_LITERAL_CONVERSION = YES;
				CLANG_WARN_OBJC_ROOT_CLASS = YES_ERROR;
				CLANG_WARN_QUOTED_INCLUDE_IN_FRAMEWORK_HEADER = YES;
				CLANG_WARN_RANGE_LOOP_ANALYSIS = YES;
				CLANG_WARN_STRICT_PROTOTYPES = YES;
				CLANG_WARN_SUSPICIOUS_MOVE = YES;
				CLANG_WARN_UNGUARDED_AVAILABILITY = YES_AGGRESSIVE;
				CLANG_WARN_UNREACHABLE_CODE = YES;
				CLANG_WARN__DUPLICATE_METHOD_MATCH = YES;
				COPY_PHASE_STRIP = NO;
				DEBUG_INFORMATION_FORMAT = dwarf;
				ENABLE_STRICT_OBJC_MSGSEND = YES;
				ENABLE_TESTABILITY = YES;
				ENABLE_USER_SCRIPT_SANDBOXING = NO;
				GCC_C_LANGUAGE_STANDARD = gnu17;
				GCC_DYNAMIC_NO_PIC = NO;
				GCC_NO_COMMON_BLOCKS = YES;
				GCC_OPTIMIZATION_LEVEL = 0;
				GCC_PREPROCESSOR_DEFINITIONS = (
					"DEBUG=1",
					"$(inherited)",
				);
				GCC_WARN_64_TO_32_BIT_CONVERSION = YES;
				GCC_WARN_ABOUT_RETURN_TYPE = YES_ERROR;
				GCC_WARN_UNDECLARED_SELECTOR = YES;
				GCC_WARN_UNINITIALIZED_AUTOS = YES_AGGRESSIVE;
				GCC_WARN_UNUSED_FUNCTION = YES;
				GCC_WARN_UNUSED_VARIABLE = YES;
				IPHONEOS_DEPLOYMENT_TARGET = 17.2;
				LOCALIZATION_PREFERS_STRING_CATALOGS = YES;
				MTL_ENABLE_DEBUG_INFO = INCLUDE_SOURCE;
				MTL_FAST_MATH = YES;
				ONLY_ACTIVE_ARCH = YES;
				SDKROOT = iphoneos;
				SWIFT_ACTIVE_COMPILATION_CONDITIONS = "DEBUG $(inherited)";
				SWIFT_OPTIMIZATION_LEVEL = "-Onone";
			};
			name = Debug;
		};
		DE51DD412B56586300EB1D14 /* Release */ = {
			isa = XCBuildConfiguration;
			buildSettings = {
				ALWAYS_SEARCH_USER_PATHS = NO;
				ASSETCATALOG_COMPILER_GENERATE_SWIFT_ASSET_SYMBOL_EXTENSIONS = YES;
				CLANG_ANALYZER_NONNULL = YES;
				CLANG_ANALYZER_NUMBER_OBJECT_CONVERSION = YES_AGGRESSIVE;
				CLANG_CXX_LANGUAGE_STANDARD = "gnu++20";
				CLANG_ENABLE_MODULES = YES;
				CLANG_ENABLE_OBJC_ARC = YES;
				CLANG_ENABLE_OBJC_WEAK = YES;
				CLANG_WARN_BLOCK_CAPTURE_AUTORELEASING = YES;
				CLANG_WARN_BOOL_CONVERSION = YES;
				CLANG_WARN_COMMA = YES;
				CLANG_WARN_CONSTANT_CONVERSION = YES;
				CLANG_WARN_DEPRECATED_OBJC_IMPLEMENTATIONS = YES;
				CLANG_WARN_DIRECT_OBJC_ISA_USAGE = YES_ERROR;
				CLANG_WARN_DOCUMENTATION_COMMENTS = YES;
				CLANG_WARN_EMPTY_BODY = YES;
				CLANG_WARN_ENUM_CONVERSION = YES;
				CLANG_WARN_INFINITE_RECURSION = YES;
				CLANG_WARN_INT_CONVERSION = YES;
				CLANG_WARN_NON_LITERAL_NULL_CONVERSION = YES;
				CLANG_WARN_OBJC_IMPLICIT_RETAIN_SELF = YES;
				CLANG_WARN_OBJC_LITERAL_CONVERSION = YES;
				CLANG_WARN_OBJC_ROOT_CLASS = YES_ERROR;
				CLANG_WARN_QUOTED_INCLUDE_IN_FRAMEWORK_HEADER = YES;
				CLANG_WARN_RANGE_LOOP_ANALYSIS = YES;
				CLANG_WARN_STRICT_PROTOTYPES = YES;
				CLANG_WARN_SUSPICIOUS_MOVE = YES;
				CLANG_WARN_UNGUARDED_AVAILABILITY = YES_AGGRESSIVE;
				CLANG_WARN_UNREACHABLE_CODE = YES;
				CLANG_WARN__DUPLICATE_METHOD_MATCH = YES;
				COPY_PHASE_STRIP = NO;
				DEBUG_INFORMATION_FORMAT = "dwarf-with-dsym";
				ENABLE_NS_ASSERTIONS = NO;
				ENABLE_STRICT_OBJC_MSGSEND = YES;
				ENABLE_USER_SCRIPT_SANDBOXING = NO;
				GCC_C_LANGUAGE_STANDARD = gnu17;
				GCC_NO_COMMON_BLOCKS = YES;
				GCC_WARN_64_TO_32_BIT_CONVERSION = YES;
				GCC_WARN_ABOUT_RETURN_TYPE = YES_ERROR;
				GCC_WARN_UNDECLARED_SELECTOR = YES;
				GCC_WARN_UNINITIALIZED_AUTOS = YES_AGGRESSIVE;
				GCC_WARN_UNUSED_FUNCTION = YES;
				GCC_WARN_UNUSED_VARIABLE = YES;
				IPHONEOS_DEPLOYMENT_TARGET = 17.2;
				LOCALIZATION_PREFERS_STRING_CATALOGS = YES;
				MTL_ENABLE_DEBUG_INFO = NO;
				MTL_FAST_MATH = YES;
				SDKROOT = iphoneos;
				SWIFT_COMPILATION_MODE = wholemodule;
				VALIDATE_PRODUCT = YES;
			};
			name = Release;
		};
		DE51DD432B56586300EB1D14 /* Debug */ = {
			isa = XCBuildConfiguration;
			baseConfigurationReference = 99FB4C015B20FC2AA5D2D606 /* Pods-NaverMapDemo.debug.xcconfig */;
			buildSettings = {
				ASSETCATALOG_COMPILER_APPICON_NAME = AppIcon;
				ASSETCATALOG_COMPILER_GLOBAL_ACCENT_COLOR_NAME = AccentColor;
				CODE_SIGN_STYLE = Automatic;
				CURRENT_PROJECT_VERSION = 1;
				DEVELOPMENT_ASSET_PATHS = "\"NaverMapDemo/Preview Content\"";
				DEVELOPMENT_TEAM = 654S523AG2;
				ENABLE_PREVIEWS = YES;
				GENERATE_INFOPLIST_FILE = YES;
				INFOPLIST_FILE = NaverMapDemo/Info.plist;
				INFOPLIST_KEY_NSLocationAlwaysUsageDescription = "지도상의 현재 위치를 가져오기 위해 권한이 필요합니다.";
				INFOPLIST_KEY_NSLocationWhenInUseUsageDescription = "지도상의 현재 위치를 가져오기 위해 권한이 필요합니다.";
				INFOPLIST_KEY_UIApplicationSceneManifest_Generation = YES;
				INFOPLIST_KEY_UIApplicationSupportsIndirectInputEvents = YES;
				INFOPLIST_KEY_UILaunchScreen_Generation = YES;
				INFOPLIST_KEY_UISupportedInterfaceOrientations_iPad = "UIInterfaceOrientationPortrait UIInterfaceOrientationPortraitUpsideDown UIInterfaceOrientationLandscapeLeft UIInterfaceOrientationLandscapeRight";
				INFOPLIST_KEY_UISupportedInterfaceOrientations_iPhone = "UIInterfaceOrientationPortrait UIInterfaceOrientationLandscapeLeft UIInterfaceOrientationLandscapeRight";
				IPHONEOS_DEPLOYMENT_TARGET = 17.2;
				LD_RUNPATH_SEARCH_PATHS = (
					"$(inherited)",
					"@executable_path/Frameworks",
				);
				MARKETING_VERSION = 1.0;
				PRODUCT_BUNDLE_IDENTIFIER = com.oz.NaverMapDemo;
				PRODUCT_NAME = "$(TARGET_NAME)";
				SWIFT_EMIT_LOC_STRINGS = YES;
				SWIFT_VERSION = 5.0;
				TARGETED_DEVICE_FAMILY = "1,2";
			};
			name = Debug;
		};
		DE51DD442B56586300EB1D14 /* Release */ = {
			isa = XCBuildConfiguration;
			baseConfigurationReference = ED560A3ADD5C9B3F6742B336 /* Pods-NaverMapDemo.release.xcconfig */;
			buildSettings = {
				ASSETCATALOG_COMPILER_APPICON_NAME = AppIcon;
				ASSETCATALOG_COMPILER_GLOBAL_ACCENT_COLOR_NAME = AccentColor;
				CODE_SIGN_STYLE = Automatic;
				CURRENT_PROJECT_VERSION = 1;
				DEVELOPMENT_ASSET_PATHS = "\"NaverMapDemo/Preview Content\"";
				DEVELOPMENT_TEAM = 654S523AG2;
				ENABLE_PREVIEWS = YES;
				GENERATE_INFOPLIST_FILE = YES;
				INFOPLIST_FILE = NaverMapDemo/Info.plist;
				INFOPLIST_KEY_NSLocationAlwaysUsageDescription = "지도상의 현재 위치를 가져오기 위해 권한이 필요합니다.";
				INFOPLIST_KEY_NSLocationWhenInUseUsageDescription = "지도상의 현재 위치를 가져오기 위해 권한이 필요합니다.";
				INFOPLIST_KEY_UIApplicationSceneManifest_Generation = YES;
				INFOPLIST_KEY_UIApplicationSupportsIndirectInputEvents = YES;
				INFOPLIST_KEY_UILaunchScreen_Generation = YES;
				INFOPLIST_KEY_UISupportedInterfaceOrientations_iPad = "UIInterfaceOrientationPortrait UIInterfaceOrientationPortraitUpsideDown UIInterfaceOrientationLandscapeLeft UIInterfaceOrientationLandscapeRight";
				INFOPLIST_KEY_UISupportedInterfaceOrientations_iPhone = "UIInterfaceOrientationPortrait UIInterfaceOrientationLandscapeLeft UIInterfaceOrientationLandscapeRight";
				IPHONEOS_DEPLOYMENT_TARGET = 17.2;
				LD_RUNPATH_SEARCH_PATHS = (
					"$(inherited)",
					"@executable_path/Frameworks",
				);
				MARKETING_VERSION = 1.0;
				PRODUCT_BUNDLE_IDENTIFIER = com.oz.NaverMapDemo;
				PRODUCT_NAME = "$(TARGET_NAME)";
				SWIFT_EMIT_LOC_STRINGS = YES;
				SWIFT_VERSION = 5.0;
				TARGETED_DEVICE_FAMILY = "1,2";
			};
			name = Release;
		};
/* End XCBuildConfiguration section */

/* Begin XCConfigurationList section */
		DE51DD2F2B56586000EB1D14 /* Build configuration list for PBXProject "NaverMapDemo" */ = {
			isa = XCConfigurationList;
			buildConfigurations = (
				DE51DD402B56586300EB1D14 /* Debug */,
				DE51DD412B56586300EB1D14 /* Release */,
			);
			defaultConfigurationIsVisible = 0;
			defaultConfigurationName = Release;
		};
		DE51DD422B56586300EB1D14 /* Build configuration list for PBXNativeTarget "NaverMapDemo" */ = {
			isa = XCConfigurationList;
			buildConfigurations = (
				DE51DD432B56586300EB1D14 /* Debug */,
				DE51DD442B56586300EB1D14 /* Release */,
			);
			defaultConfigurationIsVisible = 0;
			defaultConfigurationName = Release;
		};
/* End XCConfigurationList section */
	};
	rootObject = DE51DD2C2B56586000EB1D14 /* Project object */;
}
